// !$*UTF8*$!
{
	archiveVersion = 1;
	classes = {
	};
	objectVersion = 46;
	objects = {

/* Begin PBXBuildFile section */
		A3A65FDC1B719EBF003FC7ED /* main.m in Sources */ = {isa = PBXBuildFile; fileRef = A3A65FDB1B719EBF003FC7ED /* main.m */; };
		A3A65FDF1B719EBF003FC7ED /* AppDelegate.m in Sources */ = {isa = PBXBuildFile; fileRef = A3A65FDE1B719EBF003FC7ED /* AppDelegate.m */; };
		A3A65FE21B719EBF003FC7ED /* ViewController.m in Sources */ = {isa = PBXBuildFile; fileRef = A3A65FE11B719EBF003FC7ED /* ViewController.m */; };
		A3A65FE51B719EBF003FC7ED /* Main.storyboard in Resources */ = {isa = PBXBuildFile; fileRef = A3A65FE31B719EBF003FC7ED /* Main.storyboard */; };
		A3A65FE71B719EBF003FC7ED /* Images.xcassets in Resources */ = {isa = PBXBuildFile; fileRef = A3A65FE61B719EBF003FC7ED /* Images.xcassets */; };
		A3A65FEA1B719EBF003FC7ED /* LaunchScreen.xib in Resources */ = {isa = PBXBuildFile; fileRef = A3A65FE81B719EBF003FC7ED /* LaunchScreen.xib */; };
		A3A65FF61B719EBF003FC7ED /* Pen____Tests.m in Sources */ = {isa = PBXBuildFile; fileRef = A3A65FF51B719EBF003FC7ED /* Pen____Tests.m */; };
		A3A6601B1B71C261003FC7ED /* BezierView.m in Sources */ = {isa = PBXBuildFile; fileRef = A3A660181B71C261003FC7ED /* BezierView.m */; };
		A3A6601C1B71C261003FC7ED /* PenView.m in Sources */ = {isa = PBXBuildFile; fileRef = A3A6601A1B71C261003FC7ED /* PenView.m */; };
/* End PBXBuildFile section */

/* Begin PBXContainerItemProxy section */
		A3A65FF01B719EBF003FC7ED /* PBXContainerItemProxy */ = {
			isa = PBXContainerItemProxy;
			containerPortal = A3A65FCE1B719EBF003FC7ED /* Project object */;
			proxyType = 1;
			remoteGlobalIDString = A3A65FD51B719EBF003FC7ED;
			remoteInfo = "Pen画笔图形";
		};
/* End PBXContainerItemProxy section */

/* Begin PBXFileReference section */
		A3A65FD61B719EBF003FC7ED /* Pen画笔图形.app */ = {isa = PBXFileReference; explicitFileType = wrapper.application; includeInIndex = 0; path = "Pen画笔图形.app"; sourceTree = BUILT_PRODUCTS_DIR; };
		A3A65FDA1B719EBF003FC7ED /* Info.plist */ = {isa = PBXFileReference; lastKnownFileType = text.plist.xml; path = Info.plist; sourceTree = "<group>"; };
		A3A65FDB1B719EBF003FC7ED /* main.m */ = {isa = PBXFileReference; lastKnownFileType = sourcecode.c.objc; path = main.m; sourceTree = "<group>"; };
		A3A65FDD1B719EBF003FC7ED /* AppDelegate.h */ = {isa = PBXFileReference; lastKnownFileType = sourcecode.c.h; path = AppDelegate.h; sourceTree = "<group>"; };
		A3A65FDE1B719EBF003FC7ED /* AppDelegate.m */ = {isa = PBXFileReference; lastKnownFileType = sourcecode.c.objc; path = AppDelegate.m; sourceTree = "<group>"; };
		A3A65FE01B719EBF003FC7ED /* ViewController.h */ = {isa = PBXFileReference; lastKnownFileType = sourcecode.c.h; path = ViewController.h; sourceTree = "<group>"; };
		A3A65FE11B719EBF003FC7ED /* ViewController.m */ = {isa = PBXFileReference; lastKnownFileType = sourcecode.c.objc; path = ViewController.m; sourceTree = "<group>"; };
		A3A65FE41B719EBF003FC7ED /* Base */ = {isa = PBXFileReference; lastKnownFileType = file.storyboard; name = Base; path = Base.lproj/Main.storyboard; sourceTree = "<group>"; };
		A3A65FE61B719EBF003FC7ED /* Images.xcassets */ = {isa = PBXFileReference; lastKnownFileType = folder.assetcatalog; path = Images.xcassets; sourceTree = "<group>"; };
		A3A65FE91B719EBF003FC7ED /* Base */ = {isa = PBXFileReference; lastKnownFileType = file.xib; name = Base; path = Base.lproj/LaunchScreen.xib; sourceTree = "<group>"; };
		A3A65FEF1B719EBF003FC7ED /* Pen画笔图形Tests.xctest */ = {isa = PBXFileReference; explicitFileType = wrapper.cfbundle; includeInIndex = 0; path = "Pen画笔图形Tests.xctest"; sourceTree = BUILT_PRODUCTS_DIR; };
		A3A65FF41B719EBF003FC7ED /* Info.plist */ = {isa = PBXFileReference; lastKnownFileType = text.plist.xml; path = Info.plist; sourceTree = "<group>"; };
		A3A65FF51B719EBF003FC7ED /* Pen____Tests.m */ = {isa = PBXFileReference; lastKnownFileType = sourcecode.c.objc; path = "Pen____Tests.m"; sourceTree = "<group>"; };
		A3A660171B71C261003FC7ED /* BezierView.h */ = {isa = PBXFileReference; fileEncoding = 4; lastKnownFileType = sourcecode.c.h; name = BezierView.h; path = PenView/BezierView.h; sourceTree = "<group>"; };
		A3A660181B71C261003FC7ED /* BezierView.m */ = {isa = PBXFileReference; fileEncoding = 4; lastKnownFileType = sourcecode.c.objc; name = BezierView.m; path = PenView/BezierView.m; sourceTree = "<group>"; };
		A3A660191B71C261003FC7ED /* PenView.h */ = {isa = PBXFileReference; fileEncoding = 4; lastKnownFileType = sourcecode.c.h; name = PenView.h; path = PenView/PenView.h; sourceTree = "<group>"; };
		A3A6601A1B71C261003FC7ED /* PenView.m */ = {isa = PBXFileReference; fileEncoding = 4; lastKnownFileType = sourcecode.c.objc; name = PenView.m; path = PenView/PenView.m; sourceTree = "<group>"; };
/* End PBXFileReference section */

/* Begin PBXFrameworksBuildPhase section */
		A3A65FD31B719EBF003FC7ED /* Frameworks */ = {
			isa = PBXFrameworksBuildPhase;
			buildActionMask = 2147483647;
			files = (
			);
			runOnlyForDeploymentPostprocessing = 0;
		};
		A3A65FEC1B719EBF003FC7ED /* Frameworks */ = {
			isa = PBXFrameworksBuildPhase;
			buildActionMask = 2147483647;
			files = (
			);
			runOnlyForDeploymentPostprocessing = 0;
		};
/* End PBXFrameworksBuildPhase section */

/* Begin PBXGroup section */
		A3A65FCD1B719EBF003FC7ED = {
			isa = PBXGroup;
			children = (
				A3A65FD81B719EBF003FC7ED /* Pen画笔图形 */,
				A3A65FF21B719EBF003FC7ED /* Pen画笔图形Tests */,
				A3A65FD71B719EBF003FC7ED /* Products */,
			);
			sourceTree = "<group>";
		};
		A3A65FD71B719EBF003FC7ED /* Products */ = {
			isa = PBXGroup;
			children = (
				A3A65FD61B719EBF003FC7ED /* Pen画笔图形.app */,
				A3A65FEF1B719EBF003FC7ED /* Pen画笔图形Tests.xctest */,
			);
			name = Products;
			sourceTree = "<group>";
		};
		A3A65FD81B719EBF003FC7ED /* Pen画笔图形 */ = {
			isa = PBXGroup;
			children = (
				A3A660111B71B1BA003FC7ED /* Pen */,
				A3A65FDD1B719EBF003FC7ED /* AppDelegate.h */,
				A3A65FDE1B719EBF003FC7ED /* AppDelegate.m */,
				A3A65FE01B719EBF003FC7ED /* ViewController.h */,
				A3A65FE11B719EBF003FC7ED /* ViewController.m */,
				A3A65FE31B719EBF003FC7ED /* Main.storyboard */,
				A3A65FE61B719EBF003FC7ED /* Images.xcassets */,
				A3A65FE81B719EBF003FC7ED /* LaunchScreen.xib */,
				A3A65FD91B719EBF003FC7ED /* Supporting Files */,
			);
			path = "Pen画笔图形";
			sourceTree = "<group>";
		};
		A3A65FD91B719EBF003FC7ED /* Supporting Files */ = {
			isa = PBXGroup;
			children = (
				A3A65FDA1B719EBF003FC7ED /* Info.plist */,
				A3A65FDB1B719EBF003FC7ED /* main.m */,
			);
			name = "Supporting Files";
			sourceTree = "<group>";
		};
		A3A65FF21B719EBF003FC7ED /* Pen画笔图形Tests */ = {
			isa = PBXGroup;
			children = (
				A3A65FF51B719EBF003FC7ED /* Pen____Tests.m */,
				A3A65FF31B719EBF003FC7ED /* Supporting Files */,
			);
			path = "Pen画笔图形Tests";
			sourceTree = "<group>";
		};
		A3A65FF31B719EBF003FC7ED /* Supporting Files */ = {
			isa = PBXGroup;
			children = (
				A3A65FF41B719EBF003FC7ED /* Info.plist */,
			);
			name = "Supporting Files";
			sourceTree = "<group>";
		};
		A3A660111B71B1BA003FC7ED /* Pen */ = {
			isa = PBXGroup;
			children = (
				A3A660171B71C261003FC7ED /* BezierView.h */,
				A3A660181B71C261003FC7ED /* BezierView.m */,
				A3A660191B71C261003FC7ED /* PenView.h */,
				A3A6601A1B71C261003FC7ED /* PenView.m */,
			);
			name = Pen;
			sourceTree = "<group>";
		};
/* End PBXGroup section */

/* Begin PBXNativeTarget section */
		A3A65FD51B719EBF003FC7ED /* Pen画笔图形 */ = {
			isa = PBXNativeTarget;
			buildConfigurationList = A3A65FF91B719EBF003FC7ED /* Build configuration list for PBXNativeTarget "Pen画笔图形" */;
			buildPhases = (
				A3A65FD21B719EBF003FC7ED /* Sources */,
				A3A65FD31B719EBF003FC7ED /* Frameworks */,
				A3A65FD41B719EBF003FC7ED /* Resources */,
			);
			buildRules = (
			);
			dependencies = (
			);
			name = "Pen画笔图形";
			productName = "Pen画笔图形";
			productReference = A3A65FD61B719EBF003FC7ED /* Pen画笔图形.app */;
			productType = "com.apple.product-type.application";
		};
		A3A65FEE1B719EBF003FC7ED /* Pen画笔图形Tests */ = {
			isa = PBXNativeTarget;
			buildConfigurationList = A3A65FFC1B719EBF003FC7ED /* Build configuration list for PBXNativeTarget "Pen画笔图形Tests" */;
			buildPhases = (
				A3A65FEB1B719EBF003FC7ED /* Sources */,
				A3A65FEC1B719EBF003FC7ED /* Frameworks */,
				A3A65FED1B719EBF003FC7ED /* Resources */,
			);
			buildRules = (
			);
			dependencies = (
				A3A65FF11B719EBF003FC7ED /* PBXTargetDependency */,
			);
			name = "Pen画笔图形Tests";
			productName = "Pen画笔图形Tests";
			productReference = A3A65FEF1B719EBF003FC7ED /* Pen画笔图形Tests.xctest */;
			productType = "com.apple.product-type.bundle.unit-test";
		};
/* End PBXNativeTarget section */

/* Begin PBXProject section */
		A3A65FCE1B719EBF003FC7ED /* Project object */ = {
			isa = PBXProject;
			attributes = {
				LastUpgradeCheck = 0640;
				ORGANIZATIONNAME = ELING;
				TargetAttributes = {
					A3A65FD51B719EBF003FC7ED = {
						CreatedOnToolsVersion = 6.4;
					};
					A3A65FEE1B719EBF003FC7ED = {
						CreatedOnToolsVersion = 6.4;
						TestTargetID = A3A65FD51B719EBF003FC7ED;
					};
				};
			};
			buildConfigurationList = A3A65FD11B719EBF003FC7ED /* Build configuration list for PBXProject "Pen画笔图形" */;
			compatibilityVersion = "Xcode 3.2";
			developmentRegion = English;
			hasScannedForEncodings = 0;
			knownRegions = (
				en,
				Base,
			);
			mainGroup = A3A65FCD1B719EBF003FC7ED;
			productRefGroup = A3A65FD71B719EBF003FC7ED /* Products */;
			projectDirPath = "";
			projectRoot = "";
			targets = (
				A3A65FD51B719EBF003FC7ED /* Pen画笔图形 */,
				A3A65FEE1B719EBF003FC7ED /* Pen画笔图形Tests */,
			);
		};
/* End PBXProject section */

/* Begin PBXResourcesBuildPhase section */
		A3A65FD41B719EBF003FC7ED /* Resources */ = {
			isa = PBXResourcesBuildPhase;
			buildActionMask = 2147483647;
			files = (
				A3A65FE51B719EBF003FC7ED /* Main.storyboard in Resources */,
				A3A65FEA1B719EBF003FC7ED /* LaunchScreen.xib in Resources */,
				A3A65FE71B719EBF003FC7ED /* Images.xcassets in Resources */,
			);
			runOnlyForDeploymentPostprocessing = 0;
		};
		A3A65FED1B719EBF003FC7ED /* Resources */ = {
			isa = PBXResourcesBuildPhase;
			buildActionMask = 2147483647;
			files = (
			);
			runOnlyForDeploymentPostprocessing = 0;
		};
/* End PBXResourcesBuildPhase section */

/* Begin PBXSourcesBuildPhase section */
		A3A65FD21B719EBF003FC7ED /* Sources */ = {
			isa = PBXSourcesBuildPhase;
			buildActionMask = 2147483647;
			files = (
				A3A65FE21B719EBF003FC7ED /* ViewController.m in Sources */,
				A3A65FDF1B719EBF003FC7ED /* AppDelegate.m in Sources */,
				A3A65FDC1B719EBF003FC7ED /* main.m in Sources */,
				A3A6601B1B71C261003FC7ED /* BezierView.m in Sources */,
				A3A6601C1B71C261003FC7ED /* PenView.m in Sources */,
			);
			runOnlyForDeploymentPostprocessing = 0;
		};
		A3A65FEB1B719EBF003FC7ED /* Sources */ = {
			isa = PBXSourcesBuildPhase;
			buildActionMask = 2147483647;
			files = (
				A3A65FF61B719EBF003FC7ED /* Pen____Tests.m in Sources */,
			);
			runOnlyForDeploymentPostprocessing = 0;
		};
/* End PBXSourcesBuildPhase section */

/* Begin PBXTargetDependency section */
		A3A65FF11B719EBF003FC7ED /* PBXTargetDependency */ = {
			isa = PBXTargetDependency;
			target = A3A65FD51B719EBF003FC7ED /* Pen画笔图形 */;
			targetProxy = A3A65FF01B719EBF003FC7ED /* PBXContainerItemProxy */;
		};
/* End PBXTargetDependency section */

/* Begin PBXVariantGroup section */
		A3A65FE31B719EBF003FC7ED /* Main.storyboard */ = {
			isa = PBXVariantGroup;
			children = (
				A3A65FE41B719EBF003FC7ED /* Base */,
			);
			name = Main.storyboard;
			sourceTree = "<group>";
		};
		A3A65FE81B719EBF003FC7ED /* LaunchScreen.xib */ = {
			isa = PBXVariantGroup;
			children = (
				A3A65FE91B719EBF003FC7ED /* Base */,
			);
			name = LaunchScreen.xib;
			sourceTree = "<group>";
		};
/* End PBXVariantGroup section */

/* Begin XCBuildConfiguration section */
		A3A65FF71B719EBF003FC7ED /* Debug */ = {
			isa = XCBuildConfiguration;
			buildSettings = {
				ALWAYS_SEARCH_USER_PATHS = NO;
				CLANG_CXX_LANGUAGE_STANDARD = "gnu++0x";
				CLANG_CXX_LIBRARY = "libc++";
				CLANG_ENABLE_MODULES = YES;
				CLANG_ENABLE_OBJC_ARC = YES;
				CLANG_WARN_BOOL_CONVERSION = YES;
				CLANG_WARN_CONSTANT_CONVERSION = YES;
				CLANG_WARN_DIRECT_OBJC_ISA_USAGE = YES_ERROR;
				CLANG_WARN_EMPTY_BODY = YES;
				CLANG_WARN_ENUM_CONVERSION = YES;
				CLANG_WARN_INT_CONVERSION = YES;
				CLANG_WARN_OBJC_ROOT_CLASS = YES_ERROR;
				CLANG_WARN_UNREACHABLE_CODE = YES;
				CLANG_WARN__DUPLICATE_METHOD_MATCH = YES;
				"CODE_SIGN_IDENTITY[sdk=iphoneos*]" = "iPhone Developer";
				COPY_PHASE_STRIP = NO;
				DEBUG_INFORMATION_FORMAT = "dwarf-with-dsym";
				ENABLE_STRICT_OBJC_MSGSEND = YES;
				GCC_C_LANGUAGE_STANDARD = gnu99;
				GCC_DYNAMIC_NO_PIC = NO;
				GCC_NO_COMMON_BLOCKS = YES;
				GCC_OPTIMIZATION_LEVEL = 0;
				GCC_PREPROCESSOR_DEFINITIONS = (
					"DEBUG=1",
					"$(inherited)",
				);
				GCC_SYMBOLS_PRIVATE_EXTERN = NO;
				GCC_WARN_64_TO_32_BIT_CONVERSION = YES;
				GCC_WARN_ABOUT_RETURN_TYPE = YES_ERROR;
				GCC_WARN_UNDECLARED_SELECTOR = YES;
				GCC_WARN_UNINITIALIZED_AUTOS = YES_AGGRESSIVE;
				GCC_WARN_UNUSED_FUNCTION = YES;
				GCC_WARN_UNUSED_VARIABLE = YES;
				IPHONEOS_DEPLOYMENT_TARGET = 8.4;
				MTL_ENABLE_DEBUG_INFO = YES;
				ONLY_ACTIVE_ARCH = YES;
				SDKROOT = iphoneos;
				TARGETED_DEVICE_FAMILY = "1,2";
			};
			name = Debug;
		};
		A3A65FF81B719EBF003FC7ED /* Release */ = {
			isa = XCBuildConfiguration;
			buildSettings = {
				ALWAYS_SEARCH_USER_PATHS = NO;
				CLANG_CXX_LANGUAGE_STANDARD = "gnu++0x";
				CLANG_CXX_LIBRARY = "libc++";
				CLANG_ENABLE_MODULES = YES;
				CLANG_ENABLE_OBJC_ARC = YES;
				CLANG_WARN_BOOL_CONVERSION = YES;
				CLANG_WARN_CONSTANT_CONVERSION = YES;
				CLANG_WARN_DIRECT_OBJC_ISA_USAGE = YES_ERROR;
				CLANG_WARN_EMPTY_BODY = YES;
				CLANG_WARN_ENUM_CONVERSION = YES;
				CLANG_WARN_INT_CONVERSION = YES;
				CLANG_WARN_OBJC_ROOT_CLASS = YES_ERROR;
				CLANG_WARN_UNREACHABLE_CODE = YES;
				CLANG_WARN__DUPLICATE_METHOD_MATCH = YES;
				"CODE_SIGN_IDENTITY[sdk=iphoneos*]" = "iPhone Developer";
				COPY_PHASE_STRIP = NO;
				DEBUG_INFORMATION_FORMAT = "dwarf-with-dsym";
				ENABLE_NS_ASSERTIONS = NO;
				ENABLE_STRICT_OBJC_MSGSEND = YES;
				GCC_C_LANGUAGE_STANDARD = gnu99;
				GCC_NO_COMMON_BLOCKS = YES;
				GCC_WARN_64_TO_32_BIT_CONVERSION = YES;
				GCC_WARN_ABOUT_RETURN_TYPE = YES_ERROR;
				GCC_WARN_UNDECLARED_SELECTOR = YES;
				GCC_WARN_UNINITIALIZED_AUTOS = YES_AGGRESSIVE;
				GCC_WARN_UNUSED_FUNCTION = YES;
				GCC_WARN_UNUSED_VARIABLE = YES;
				IPHONEOS_DEPLOYMENT_TARGET = 8.4;
				MTL_ENABLE_DEBUG_INFO = NO;
				SDKROOT = iphoneos;
				TARGETED_DEVICE_FAMILY = "1,2";
				VALIDATE_PRODUCT = YES;
			};
			name = Release;
		};
		A3A65FFA1B719EBF003FC7ED /* Debug */ = {
			isa = XCBuildConfiguration;
			buildSettings = {
				ASSETCATALOG_COMPILER_APPICON_NAME = AppIcon;
				INFOPLIST_FILE = "Pen画笔图形/Info.plist";
				LD_RUNPATH_SEARCH_PATHS = "$(inherited) @executable_path/Frameworks";
				PRODUCT_NAME = "$(TARGET_NAME)";
			};
			name = Debug;
		};
		A3A65FFB1B719EBF003FC7ED /* Release */ = {
			isa = XCBuildConfiguration;
			buildSettings = {
				ASSETCATALOG_COMPILER_APPICON_NAME = AppIcon;
				INFOPLIST_FILE = "Pen画笔图形/Info.plist";
				LD_RUNPATH_SEARCH_PATHS = "$(inherited) @executable_path/Frameworks";
				PRODUCT_NAME = "$(TARGET_NAME)";
			};
			name = Release;
		};
		A3A65FFD1B719EBF003FC7ED /* Debug */ = {
			isa = XCBuildConfiguration;
			buildSettings = {
				BUNDLE_LOADER = "$(TEST_HOST)";
				FRAMEWORK_SEARCH_PATHS = (
					"$(SDKROOT)/Developer/Library/Frameworks",
					"$(inherited)",
				);
				GCC_PREPROCESSOR_DEFINITIONS = (
					"DEBUG=1",
					"$(inherited)",
				);
				INFOPLIST_FILE = "Pen画笔图形Tests/Info.plist";
				LD_RUNPATH_SEARCH_PATHS = "$(inherited) @executable_path/Frameworks @loader_path/Frameworks";
				PRODUCT_NAME = "$(TARGET_NAME)";
				TEST_HOST = "$(BUILT_PRODUCTS_DIR)/Pen画笔图形.app/Pen画笔图形";
			};
			name = Debug;
		};
		A3A65FFE1B719EBF003FC7ED /* Release */ = {
			isa = XCBuildConfiguration;
			buildSettings = {
				BUNDLE_LOADER = "$(TEST_HOST)";
				FRAMEWORK_SEARCH_PATHS = (
					"$(SDKROOT)/Developer/Library/Frameworks",
					"$(inherited)",
				);
				INFOPLIST_FILE = "Pen画笔图形Tests/Info.plist";
				LD_RUNPATH_SEARCH_PATHS = "$(inherited) @executable_path/Frameworks @loader_path/Frameworks";
				PRODUCT_NAME = "$(TARGET_NAME)";
				TEST_HOST = "$(BUILT_PRODUCTS_DIR)/Pen画笔图形.app/Pen画笔图形";
			};
			name = Release;
		};
/* End XCBuildConfiguration section */

/* Begin XCConfigurationList section */
		A3A65FD11B719EBF003FC7ED /* Build configuration list for PBXProject "Pen画笔图形" */ = {
			isa = XCConfigurationList;
			buildConfigurations = (
				A3A65FF71B719EBF003FC7ED /* Debug */,
				A3A65FF81B719EBF003FC7ED /* Release */,
			);
			defaultConfigurationIsVisible = 0;
			defaultConfigurationName = Release;
		};
		A3A65FF91B719EBF003FC7ED /* Build configuration list for PBXNativeTarget "Pen画笔图形" */ = {
			isa = XCConfigurationList;
			buildConfigurations = (
				A3A65FFA1B719EBF003FC7ED /* Debug */,
				A3A65FFB1B719EBF003FC7ED /* Release */,
			);
			defaultConfigurationIsVisible = 0;
			defaultConfigurationName = Release;
		};
		A3A65FFC1B719EBF003FC7ED /* Build configuration list for PBXNativeTarget "Pen画笔图形Tests" */ = {
			isa = XCConfigurationList;
			buildConfigurations = (
				A3A65FFD1B719EBF003FC7ED /* Debug */,
				A3A65FFE1B719EBF003FC7ED /* Release */,
			);
			defaultConfigurationIsVisible = 0;
			defaultConfigurationName = Release;
		};
/* End XCConfigurationList section */
	};
	rootObject = A3A65FCE1B719EBF003FC7ED /* Project object */;
}
